{
  "nodes": {
    "copilot-el": {
      "flake": false,
      "locked": {
        "lastModified": 1731956806,
        "narHash": "sha256-oTAxayxrEiIu0GUtsqaL/pCY0ElU1RjZp7OXgqqJqnA=",
        "owner": "zerolfx",
        "repo": "copilot.el",
        "rev": "88b10203705a9cdcbc232e7d2914f6b12217a885",
        "type": "github"
      },
      "original": {
        "owner": "zerolfx",
        "repo": "copilot.el",
        "type": "github"
      }
    },
    "flake-compat": {
      "flake": false,
      "locked": {
        "lastModified": 1733328505,
        "narHash": "sha256-NeCCThCEP3eCl2l/+27kNNK7QrwZB1IJCrXfrbv5oqU=",
        "owner": "edolstra",
        "repo": "flake-compat",
        "rev": "ff81ac966bb2cae68946d5ed5fc4994f96d0ffec",
        "type": "github"
      },
      "original": {
        "owner": "edolstra",
        "repo": "flake-compat",
        "type": "github"
      }
    },
    "flake-utils": {
      "inputs": {
        "systems": "systems"
      },
      "locked": {
        "lastModified": 1731533236,
        "narHash": "sha256-l0KFg5HjrsfsO/JpG+r7fRrqm12kzFHyUHqHCVpMMbI=",
        "owner": "numtide",
        "repo": "flake-utils",
        "rev": "11707dc2f618dd54ca8739b309ec4fc024de578b",
        "type": "github"
      },
      "original": {
        "owner": "numtide",
        "repo": "flake-utils",
        "type": "github"
      }
    },
    "jsonrpc-el": {
      "flake": false,
      "locked": {
        "lastModified": 1711877505,
        "narHash": "sha256-+M2gbQ67gXlGJAZ/467ScQWocTlvng7ExMr/Q18NCoA=",
        "type": "tarball",
        "url": "https://elpa.gnu.org/packages/jsonrpc-1.0.25.tar"
      },
      "original": {
        "type": "tarball",
        "url": "https://elpa.gnu.org/packages/jsonrpc-1.0.25.tar"
      }
    },
    "kubed-el": {
      "flake": false,
      "locked": {
        "lastModified": 1729587881,
        "narHash": "sha256-63otfqeRRB34mTCgdizUlOIbRg/cjRdBAYopy9WAuW8=",
        "type": "tarball",
        "url": "https://elpa.gnu.org/packages/kubed-0.4.2.tar"
      },
      "original": {
        "type": "tarball",
        "url": "https://elpa.gnu.org/packages/kubed-0.4.2.tar"
      }
    },
    "nixpkgs": {
      "locked": {
        "lastModified": 1733581040,
        "narHash": "sha256-Qn3nPMSopRQJgmvHzVqPcE3I03zJyl8cSbgnnltfFDY=",
        "owner": "NixOS",
        "repo": "nixpkgs",
        "rev": "22c3f2cf41a0e70184334a958e6b124fb0ce3e01",
        "type": "github"
      },
      "original": {
        "owner": "NixOS",
        "ref": "nixos-unstable",
        "repo": "nixpkgs",
        "type": "github"
      }
    },
    "root": {
      "inputs": {
        "copilot-el": "copilot-el",
        "flake-compat": "flake-compat",
        "flake-utils": "flake-utils",
        "jsonrpc-el": "jsonrpc-el",
        "kubed-el": "kubed-el",
        "nixpkgs": "nixpkgs"
      }
    },
    "systems": {
      "locked": {
        "lastModified": 1681028828,
        "narHash": "sha256-Vy1rq5AaRuLzOxct8nz4T6wlgyUR7zLU309k9mBC768=",
        "owner": "nix-systems",
        "repo": "default",
        "rev": "da67096a3b9bf56a91d16901293e51ba5b49a27e",
        "type": "github"
      },
      "original": {
        "owner": "nix-systems",
        "repo": "default",
        "type": "github"
      }
    }
  },
  "root": "root",
  "version": 7
}
